
Microsoft Visual Studio Solution File, Format Version 12.00
# Visual Studio Version 16
VisualStudioVersion = 16.0.30503.244
MinimumVisualStudioVersion = 10.0.40219.1
Project("{FAE04EC0-301F-11D3-BF4B-00C04F79EFBC}") = "LAB1", "LAB1.csproj", "{BFDAE15E-389D-44FE-8868-A566ACC08379}"
EndProject
Global
	GlobalSection(SolutionConfigurationPlatforms) = preSolution
		Debug|Any CPU = Debug|Any CPU
		Release|Any CPU = Release|Any CPU
	EndGlobalSection
	GlobalSection(ProjectConfigurationPlatforms) = postSolution
		{BFDAE15E-389D-44FE-8868-A566ACC08379}.Debug|Any CPU.ActiveCfg = Debug|Any CPU
		{BFDAE15E-389D-44FE-8868-A566ACC08379}.Debug|Any CPU.Build.0 = Debug|Any CPU
		{BFDAE15E-389D-44FE-8868-A566ACC08379}.Release|Any CPU.ActiveCfg = Release|Any CPU
		{BFDAE15E-389D-44FE-8868-A566ACC08379}.Release|Any CPU.Build.0 = Release|Any CPU
	EndGlobalSection
	GlobalSection(SolutionProperties) = preSolution
		HideSolutionNode = FALSE
	EndGlobalSection
	GlobalSection(ExtensibilityGlobals) = postSolution
		SolutionGuid = {921C60A4-3945-4915-BB5D-2FEDACF31766}
	EndGlobalSection
EndGlobal
